
Microsoft Visual Studio Solution File, Format Version 12.00
# Visual Studio Version 16
VisualStudioVersion = 16.0.30114.105
MinimumVisualStudioVersion = 10.0.40219.1
Project("{9A19103F-16F7-4668-BE54-9A1E7A4F7556}") = "notesapi", "WebAPI\notesapi.csproj", "{049D1602-BEA0-48A5-B6A0-6F9E274CED46}"
EndProject
Global
	GlobalSection(SolutionConfigurationPlatforms) = preSolution
		Debug|Any CPU = Debug|Any CPU
		Release|Any CPU = Release|Any CPU
	EndGlobalSection
	GlobalSection(ProjectConfigurationPlatforms) = postSolution
		{049D1602-BEA0-48A5-B6A0-6F9E274CED46}.Debug|Any CPU.ActiveCfg = Debug|Any CPU
		{049D1602-BEA0-48A5-B6A0-6F9E274CED46}.Debug|Any CPU.Build.0 = Debug|Any CPU
		{049D1602-BEA0-48A5-B6A0-6F9E274CED46}.Release|Any CPU.ActiveCfg = Release|Any CPU
		{049D1602-BEA0-48A5-B6A0-6F9E274CED46}.Release|Any CPU.Build.0 = Release|Any CPU
	EndGlobalSection
	GlobalSection(SolutionProperties) = preSolution
		HideSolutionNode = FALSE
	EndGlobalSection
	GlobalSection(ExtensibilityGlobals) = postSolution
		SolutionGuid = {E3588C3A-12D3-4859-94FD-3C18017B42FA}
	EndGlobalSection
EndGlobal
